github.com/joseluisq/cline v0.1.0-beta.9 h1:K0SlZ1V44m11x+aXweITWjSAXaTCNkxrn/zPDlifgIw=
github.com/joseluisq/cline v0.1.0-beta.9/go.mod h1:OHx3HRPOMpaxrkgR6pNdPCdcOh55WhP2nT7OiSFLLkA=
github.com/joseluisq/cline v0.1.0 h1:vv5bkJmTYsEdpcMNNpQJRovGEjbhAWvh0JH8dCtTtV8=
github.com/joseluisq/cline v0.1.0/go.mod h1:OHx3HRPOMpaxrkgR6pNdPCdcOh55WhP2nT7OiSFLLkA=
github.com/joseluisq/gonetc v1.1.0 h1:fupWQXUnI1ZGoYDOjP6K+FnarkgzQIpaIDDHsp8iwrU=
github.com/joseluisq/gonetc v1.1.0/go.mod h1:eFJN++ykB5ZQxYPjBdXANFBbSxwUWEuXzPvVz4Y8amE=
