github.com/joseluisq/cline v0.1.0-beta.8 h1:uYe2rQGf7ovyGkuf9OqXdAMJn4euN80Tu90QAeYIsMM=
github.com/joseluisq/cline v0.1.0-beta.8/go.mod h1:OHx3HRPOMpaxrkgR6pNdPCdcOh55WhP2nT7OiSFLLkA=
github.com/joseluisq/goipcc v0.1.0 h1:QjbB7Kx1OaK6nOgMVea8Q0x33xytkEkwrm+bdLh1x7M=
github.com/joseluisq/goipcc v0.1.0/go.mod h1:Ltd/7jxf6QM71m5EqR4Len8Z7G/kZBZfmVqG+uy2yvs=
